
Microsoft Visual Studio Solution File, Format Version 12.00
# Visual Studio Version 16
VisualStudioVersion = 16.0.29503.13
MinimumVisualStudioVersion = 10.0.40219.1
Project("{FAE04EC0-301F-11D3-BF4B-00C04F79EFBC}") = "2020-02-18L2k-DBlBf", "2020-02-18L2k-DBlBf\2020-02-18L2k-DBlBf.csproj", "{A226C221-2FE7-4768-80DD-4ABCE573264F}"
EndProject
Global
	GlobalSection(SolutionConfigurationPlatforms) = preSolution
		Debug|Any CPU = Debug|Any CPU
		Release|Any CPU = Release|Any CPU
	EndGlobalSection
	GlobalSection(ProjectConfigurationPlatforms) = postSolution
		{A226C221-2FE7-4768-80DD-4ABCE573264F}.Debug|Any CPU.ActiveCfg = Debug|Any CPU
		{A226C221-2FE7-4768-80DD-4ABCE573264F}.Debug|Any CPU.Build.0 = Debug|Any CPU
		{A226C221-2FE7-4768-80DD-4ABCE573264F}.Release|Any CPU.ActiveCfg = Release|Any CPU
		{A226C221-2FE7-4768-80DD-4ABCE573264F}.Release|Any CPU.Build.0 = Release|Any CPU
	EndGlobalSection
	GlobalSection(SolutionProperties) = preSolution
		HideSolutionNode = FALSE
	EndGlobalSection
	GlobalSection(ExtensibilityGlobals) = postSolution
		SolutionGuid = {AD72808D-B58C-4AF3-97CA-26A8B84DE62C}
	EndGlobalSection
EndGlobal
